
Microsoft Visual Studio Solution File, Format Version 12.00
# Visual Studio Version 17
VisualStudioVersion = 17.14.36811.4 d17.14
MinimumVisualStudioVersion = 10.0.40219.1
Project("{FAE04EC0-301F-11D3-BF4B-00C04F79EFBC}") = "SIMANET_W22R", "SIMANET_W22R.csproj", "{C2B4FF85-0956-47F4-A783-8CCCDB150FC4}"
EndProject
Project("{FAE04EC0-301F-11D3-BF4B-00C04F79EFBC}") = "EasyControlWeb", "..\..\SimaNetCtrl\EasyControlWeb\EasyControlWeb.csproj", "{D35D602C-6C79-4709-B645-B426727C88B6}"
EndProject
Global
	GlobalSection(SolutionConfigurationPlatforms) = preSolution
		Debug|Any CPU = Debug|Any CPU
		Release|Any CPU = Release|Any CPU
	EndGlobalSection
	GlobalSection(ProjectConfigurationPlatforms) = postSolution
		{C2B4FF85-0956-47F4-A783-8CCCDB150FC4}.Debug|Any CPU.ActiveCfg = Debug|Any CPU
		{C2B4FF85-0956-47F4-A783-8CCCDB150FC4}.Debug|Any CPU.Build.0 = Debug|Any CPU
		{C2B4FF85-0956-47F4-A783-8CCCDB150FC4}.Release|Any CPU.ActiveCfg = Release|Any CPU
		{C2B4FF85-0956-47F4-A783-8CCCDB150FC4}.Release|Any CPU.Build.0 = Release|Any CPU
		{D35D602C-6C79-4709-B645-B426727C88B6}.Debug|Any CPU.ActiveCfg = Debug|Any CPU
		{D35D602C-6C79-4709-B645-B426727C88B6}.Debug|Any CPU.Build.0 = Debug|Any CPU
		{D35D602C-6C79-4709-B645-B426727C88B6}.Release|Any CPU.ActiveCfg = Release|Any CPU
		{D35D602C-6C79-4709-B645-B426727C88B6}.Release|Any CPU.Build.0 = Release|Any CPU
	EndGlobalSection
	GlobalSection(SolutionProperties) = preSolution
		HideSolutionNode = FALSE
	EndGlobalSection
	GlobalSection(ExtensibilityGlobals) = postSolution
		SolutionGuid = {FA8B1CE2-35E6-46D4-8D95-D902EC00F677}
	EndGlobalSection
EndGlobal
